
Microsoft Visual Studio Solution File, Format Version 12.00
# Visual Studio Version 17
VisualStudioVersion = 17.4.33213.308
MinimumVisualStudioVersion = 10.0.40219.1
Project("{FAE04EC0-301F-11D3-BF4B-00C04F79EFBC}") = "21-02-2023", "21-02-2023\21-02-2023.csproj", "{20E470CC-0A11-412A-A486-FF22E2567BE3}"
EndProject
Global
	GlobalSection(SolutionConfigurationPlatforms) = preSolution
		Debug|Any CPU = Debug|Any CPU
		Release|Any CPU = Release|Any CPU
	EndGlobalSection
	GlobalSection(ProjectConfigurationPlatforms) = postSolution
		{20E470CC-0A11-412A-A486-FF22E2567BE3}.Debug|Any CPU.ActiveCfg = Debug|Any CPU
		{20E470CC-0A11-412A-A486-FF22E2567BE3}.Debug|Any CPU.Build.0 = Debug|Any CPU
		{20E470CC-0A11-412A-A486-FF22E2567BE3}.Release|Any CPU.ActiveCfg = Release|Any CPU
		{20E470CC-0A11-412A-A486-FF22E2567BE3}.Release|Any CPU.Build.0 = Release|Any CPU
	EndGlobalSection
	GlobalSection(SolutionProperties) = preSolution
		HideSolutionNode = FALSE
	EndGlobalSection
	GlobalSection(ExtensibilityGlobals) = postSolution
		SolutionGuid = {375F83B6-F026-4458-A6BD-72CB18200CFE}
	EndGlobalSection
EndGlobal
